
Microsoft Visual Studio Solution File, Format Version 12.00
# Visual Studio Version 16
VisualStudioVersion = 16.0.31624.102
MinimumVisualStudioVersion = 10.0.40219.1
Project("{9A19103F-16F7-4668-BE54-9A1E7A4F7556}") = "Homwork1Lib", "Homwork1Lib.csproj", "{DDC7A2BB-FE41-437B-BA2E-43D28A982642}"
EndProject
Project("{FAE04EC0-301F-11D3-BF4B-00C04F79EFBC}") = "TestHomeWork1", "..\TestHomeWork1\TestHomeWork1.csproj", "{08048FBB-D5D0-4F56-86C8-82CE4D9F2DA8}"
EndProject
Global
	GlobalSection(SolutionConfigurationPlatforms) = preSolution
		Debug|Any CPU = Debug|Any CPU
		Release|Any CPU = Release|Any CPU
	EndGlobalSection
	GlobalSection(ProjectConfigurationPlatforms) = postSolution
		{DDC7A2BB-FE41-437B-BA2E-43D28A982642}.Debug|Any CPU.ActiveCfg = Debug|Any CPU
		{DDC7A2BB-FE41-437B-BA2E-43D28A982642}.Debug|Any CPU.Build.0 = Debug|Any CPU
		{DDC7A2BB-FE41-437B-BA2E-43D28A982642}.Release|Any CPU.ActiveCfg = Release|Any CPU
		{DDC7A2BB-FE41-437B-BA2E-43D28A982642}.Release|Any CPU.Build.0 = Release|Any CPU
		{08048FBB-D5D0-4F56-86C8-82CE4D9F2DA8}.Debug|Any CPU.ActiveCfg = Debug|Any CPU
		{08048FBB-D5D0-4F56-86C8-82CE4D9F2DA8}.Debug|Any CPU.Build.0 = Debug|Any CPU
		{08048FBB-D5D0-4F56-86C8-82CE4D9F2DA8}.Release|Any CPU.ActiveCfg = Release|Any CPU
		{08048FBB-D5D0-4F56-86C8-82CE4D9F2DA8}.Release|Any CPU.Build.0 = Release|Any CPU
	EndGlobalSection
	GlobalSection(SolutionProperties) = preSolution
		HideSolutionNode = FALSE
	EndGlobalSection
	GlobalSection(ExtensibilityGlobals) = postSolution
		SolutionGuid = {FD275F7C-151F-4FC5-9356-BF06060B7A35}
	EndGlobalSection
EndGlobal
